
Microsoft Visual Studio Solution File, Format Version 12.00
# Visual Studio Version 16
VisualStudioVersion = 16.0.31515.178
MinimumVisualStudioVersion = 10.0.40219.1
Project("{9A19103F-16F7-4668-BE54-9A1E7A4F7556}") = "Kayıt_Entities", "Kayıt_Entities\Kayıt_Entities.csproj", "{2E2305C0-30C9-4F74-B57A-0987B173D10A}"
EndProject
Project("{9A19103F-16F7-4668-BE54-9A1E7A4F7556}") = "Data_Access", "Data_Access\Data_Access.csproj", "{D5CB334D-4C4D-47A8-BD39-6B8A6FFE26A3}"
EndProject
Project("{FAE04EC0-301F-11D3-BF4B-00C04F79EFBC}") = "Kayıt_Business", "Kayıt_Business\Kayıt_Business.csproj", "{D0F42C5D-4E3F-45B9-BD25-6B31362F894C}"
EndProject
Project("{FAE04EC0-301F-11D3-BF4B-00C04F79EFBC}") = "Kayıt_Api", "Kayıt_Api\Kayıt_Api.csproj", "{996AA618-8439-4DE5-8F6A-F2DA64B2E2ED}"
EndProject
Global
	GlobalSection(SolutionConfigurationPlatforms) = preSolution
		Debug|Any CPU = Debug|Any CPU
		Release|Any CPU = Release|Any CPU
	EndGlobalSection
	GlobalSection(ProjectConfigurationPlatforms) = postSolution
		{2E2305C0-30C9-4F74-B57A-0987B173D10A}.Debug|Any CPU.ActiveCfg = Debug|Any CPU
		{2E2305C0-30C9-4F74-B57A-0987B173D10A}.Debug|Any CPU.Build.0 = Debug|Any CPU
		{2E2305C0-30C9-4F74-B57A-0987B173D10A}.Release|Any CPU.ActiveCfg = Release|Any CPU
		{2E2305C0-30C9-4F74-B57A-0987B173D10A}.Release|Any CPU.Build.0 = Release|Any CPU
		{D5CB334D-4C4D-47A8-BD39-6B8A6FFE26A3}.Debug|Any CPU.ActiveCfg = Debug|Any CPU
		{D5CB334D-4C4D-47A8-BD39-6B8A6FFE26A3}.Debug|Any CPU.Build.0 = Debug|Any CPU
		{D5CB334D-4C4D-47A8-BD39-6B8A6FFE26A3}.Release|Any CPU.ActiveCfg = Release|Any CPU
		{D5CB334D-4C4D-47A8-BD39-6B8A6FFE26A3}.Release|Any CPU.Build.0 = Release|Any CPU
		{D0F42C5D-4E3F-45B9-BD25-6B31362F894C}.Debug|Any CPU.ActiveCfg = Debug|Any CPU
		{D0F42C5D-4E3F-45B9-BD25-6B31362F894C}.Debug|Any CPU.Build.0 = Debug|Any CPU
		{D0F42C5D-4E3F-45B9-BD25-6B31362F894C}.Release|Any CPU.ActiveCfg = Release|Any CPU
		{D0F42C5D-4E3F-45B9-BD25-6B31362F894C}.Release|Any CPU.Build.0 = Release|Any CPU
		{996AA618-8439-4DE5-8F6A-F2DA64B2E2ED}.Debug|Any CPU.ActiveCfg = Debug|Any CPU
		{996AA618-8439-4DE5-8F6A-F2DA64B2E2ED}.Debug|Any CPU.Build.0 = Debug|Any CPU
		{996AA618-8439-4DE5-8F6A-F2DA64B2E2ED}.Release|Any CPU.ActiveCfg = Release|Any CPU
		{996AA618-8439-4DE5-8F6A-F2DA64B2E2ED}.Release|Any CPU.Build.0 = Release|Any CPU
	EndGlobalSection
	GlobalSection(SolutionProperties) = preSolution
		HideSolutionNode = FALSE
	EndGlobalSection
	GlobalSection(ExtensibilityGlobals) = postSolution
		SolutionGuid = {0F2EFD2C-ED10-4CD4-9C20-BF6E292B0A13}
	EndGlobalSection
EndGlobal
